
Microsoft Visual Studio Solution File, Format Version 12.00
# Visual Studio 14
VisualStudioVersion = 14.0.23107.0
MinimumVisualStudioVersion = 10.0.40219.1
Project("{FAE04EC0-301F-11D3-BF4B-00C04F79EFBC}") = "WpfApplication9", "WpfApplication9\WpfApplication9.csproj", "{BF33A46D-0355-4382-8DBC-6105A4253EEB}"
EndProject
Global
	GlobalSection(SolutionConfigurationPlatforms) = preSolution
		Debug|Any CPU = Debug|Any CPU
		Release|Any CPU = Release|Any CPU
	EndGlobalSection
	GlobalSection(ProjectConfigurationPlatforms) = postSolution
		{BF33A46D-0355-4382-8DBC-6105A4253EEB}.Debug|Any CPU.ActiveCfg = Debug|Any CPU
		{BF33A46D-0355-4382-8DBC-6105A4253EEB}.Debug|Any CPU.Build.0 = Debug|Any CPU
		{BF33A46D-0355-4382-8DBC-6105A4253EEB}.Release|Any CPU.ActiveCfg = Release|Any CPU
		{BF33A46D-0355-4382-8DBC-6105A4253EEB}.Release|Any CPU.Build.0 = Release|Any CPU
	EndGlobalSection
	GlobalSection(SolutionProperties) = preSolution
		HideSolutionNode = FALSE
	EndGlobalSection
EndGlobal
